<?xml version="1.0" encoding="utf-8"?>
<Project ToolsVersion="4.0" xmlns="http://schemas.microsoft.com/developer/msbuild/2003">
  <ItemGroup>
    <Filter Include="main">
      <UniqueIdentifier>{1db52d92-a24c-4804-8b0a-60cd0f7c2932}</UniqueIdentifier>
    </Filter>
  </ItemGroup>
  <ItemGroup>
    <ClCompile Include="main4.cpp">
      <Filter>main</Filter>
    </ClCompile>
  </ItemGroup>
</Project>