<?xml version="1.0" encoding="utf-8"?>
<Project ToolsVersion="4.0" xmlns="http://schemas.microsoft.com/developer/msbuild/2003">
  <ItemGroup>
    <Filter Include="main">
      <UniqueIdentifier>{83e80c10-a16f-47db-80ec-0bb12d6a877d}</UniqueIdentifier>
    </Filter>
  </ItemGroup>
  <ItemGroup>
    <ClCompile Include="main2.cpp">
      <Filter>main</Filter>
    </ClCompile>
  </ItemGroup>
</Project>