<?xml version="1.0" encoding="utf-8"?>
<Project ToolsVersion="4.0" xmlns="http://schemas.microsoft.com/developer/msbuild/2003">
  <ItemGroup>
    <Filter Include="main">
      <UniqueIdentifier>{9d5421f3-d4e0-4b52-9b29-ce182c2fe427}</UniqueIdentifier>
    </Filter>
  </ItemGroup>
  <ItemGroup>
    <ClCompile Include="main5.cpp">
      <Filter>main</Filter>
    </ClCompile>
  </ItemGroup>
</Project>